
Microsoft Visual Studio Solution File, Format Version 12.00
# Visual Studio Version 17
VisualStudioVersion = 17.0.31903.59
MinimumVisualStudioVersion = 10.0.40219.1
Project("{FAE04EC0-301F-11D3-BF4B-00C04F79EFBC}") = "PrimeService", "..\PrimeService\PrimeService.csproj", "{DB409ABA-DF66-4C8B-94BD-41CEBE87BADC}"
EndProject
Project("{FAE04EC0-301F-11D3-BF4B-00C04F79EFBC}") = "PrimeService.Tests", "..\PrimeService.Tests\PrimeService.Tests.csproj", "{194515EF-1C7C-4C48-9693-DD6C5B0C9EDA}"
EndProject
Global
	GlobalSection(SolutionConfigurationPlatforms) = preSolution
		Debug|Any CPU = Debug|Any CPU
		Release|Any CPU = Release|Any CPU
	EndGlobalSection
	GlobalSection(SolutionProperties) = preSolution
		HideSolutionNode = FALSE
	EndGlobalSection
	GlobalSection(ProjectConfigurationPlatforms) = postSolution
		{DB409ABA-DF66-4C8B-94BD-41CEBE87BADC}.Debug|Any CPU.ActiveCfg = Debug|Any CPU
		{DB409ABA-DF66-4C8B-94BD-41CEBE87BADC}.Debug|Any CPU.Build.0 = Debug|Any CPU
		{DB409ABA-DF66-4C8B-94BD-41CEBE87BADC}.Release|Any CPU.ActiveCfg = Release|Any CPU
		{DB409ABA-DF66-4C8B-94BD-41CEBE87BADC}.Release|Any CPU.Build.0 = Release|Any CPU
		{194515EF-1C7C-4C48-9693-DD6C5B0C9EDA}.Debug|Any CPU.ActiveCfg = Debug|Any CPU
		{194515EF-1C7C-4C48-9693-DD6C5B0C9EDA}.Debug|Any CPU.Build.0 = Debug|Any CPU
		{194515EF-1C7C-4C48-9693-DD6C5B0C9EDA}.Release|Any CPU.ActiveCfg = Release|Any CPU
		{194515EF-1C7C-4C48-9693-DD6C5B0C9EDA}.Release|Any CPU.Build.0 = Release|Any CPU
	EndGlobalSection
EndGlobal
